
Microsoft Visual Studio Solution File, Format Version 12.00
# Visual Studio Version 17
VisualStudioVersion = 17.5.002.0
MinimumVisualStudioVersion = 10.0.40219.1
Project("{9A19103F-16F7-4668-BE54-9A1E7A4F7556}") = "proiect2", "proiect2.csproj", "{B4C19214-D94C-4BA4-8540-74055E422AC6}"
EndProject
Global
	GlobalSection(SolutionConfigurationPlatforms) = preSolution
		Debug|Any CPU = Debug|Any CPU
		Release|Any CPU = Release|Any CPU
	EndGlobalSection
	GlobalSection(ProjectConfigurationPlatforms) = postSolution
		{B4C19214-D94C-4BA4-8540-74055E422AC6}.Debug|Any CPU.ActiveCfg = Debug|Any CPU
		{B4C19214-D94C-4BA4-8540-74055E422AC6}.Debug|Any CPU.Build.0 = Debug|Any CPU
		{B4C19214-D94C-4BA4-8540-74055E422AC6}.Release|Any CPU.ActiveCfg = Release|Any CPU
		{B4C19214-D94C-4BA4-8540-74055E422AC6}.Release|Any CPU.Build.0 = Release|Any CPU
	EndGlobalSection
	GlobalSection(SolutionProperties) = preSolution
		HideSolutionNode = FALSE
	EndGlobalSection
	GlobalSection(ExtensibilityGlobals) = postSolution
		SolutionGuid = {6FD84CC1-E02F-4B08-8038-346AD69C35D4}
	EndGlobalSection
EndGlobal
